// !$*UTF8*$!
{
	archiveVersion = 1;
	classes = {
	};
	objectVersion = 46;
	objects = {

/* Begin PBXBuildFile section */
		1819F18E1A411BE900A2EEA5 /* main.m in Sources */ = {isa = PBXBuildFile; fileRef = 1819F18D1A411BE900A2EEA5 /* main.m */; };
		1819F1911A411BE900A2EEA5 /* AppDelegate.m in Sources */ = {isa = PBXBuildFile; fileRef = 1819F1901A411BE900A2EEA5 /* AppDelegate.m */; };
		1819F1941A411BE900A2EEA5 /* ViewController.m in Sources */ = {isa = PBXBuildFile; fileRef = 1819F1931A411BE900A2EEA5 /* ViewController.m */; };
		1819F1971A411BE900A2EEA5 /* Main.storyboard in Resources */ = {isa = PBXBuildFile; fileRef = 1819F1951A411BE900A2EEA5 /* Main.storyboard */; };
		1819F1991A411BE900A2EEA5 /* Images.xcassets in Resources */ = {isa = PBXBuildFile; fileRef = 1819F1981A411BE900A2EEA5 /* Images.xcassets */; };
		1819F19C1A411BE900A2EEA5 /* LaunchScreen.xib in Resources */ = {isa = PBXBuildFile; fileRef = 1819F19A1A411BE900A2EEA5 /* LaunchScreen.xib */; };
		1819F1A81A411BEA00A2EEA5 /* ZAFNetWorkDemoTests.m in Sources */ = {isa = PBXBuildFile; fileRef = 1819F1A71A411BEA00A2EEA5 /* ZAFNetWorkDemoTests.m */; };
		8C58D1DE7153408A371D4D5D /* libPods.a in Frameworks */ = {isa = PBXBuildFile; fileRef = 2D36E1DDC357A895DCCF48B7 /* libPods.a */; };
		BC8A8F901BFC682B00EBA9B7 /* ZDNetworkHelper.m in Sources */ = {isa = PBXBuildFile; fileRef = BC8A8F8F1BFC682B00EBA9B7 /* ZDNetworkHelper.m */; };
/* End PBXBuildFile section */

/* Begin PBXContainerItemProxy section */
		1819F1A21A411BE900A2EEA5 /* PBXContainerItemProxy */ = {
			isa = PBXContainerItemProxy;
			containerPortal = 1819F1801A411BE900A2EEA5 /* Project object */;
			proxyType = 1;
			remoteGlobalIDString = 1819F1871A411BE900A2EEA5;
			remoteInfo = ZAFNetWorkDemo;
		};
/* End PBXContainerItemProxy section */

/* Begin PBXFileReference section */
		1819F1881A411BE900A2EEA5 /* ZAFNetWorkDemo.app */ = {isa = PBXFileReference; explicitFileType = wrapper.application; includeInIndex = 0; path = ZAFNetWorkDemo.app; sourceTree = BUILT_PRODUCTS_DIR; };
		1819F18C1A411BE900A2EEA5 /* Info.plist */ = {isa = PBXFileReference; lastKnownFileType = text.plist.xml; path = Info.plist; sourceTree = "<group>"; };
		1819F18D1A411BE900A2EEA5 /* main.m */ = {isa = PBXFileReference; lastKnownFileType = sourcecode.c.objc; path = main.m; sourceTree = "<group>"; };
		1819F18F1A411BE900A2EEA5 /* AppDelegate.h */ = {isa = PBXFileReference; lastKnownFileType = sourcecode.c.h; path = AppDelegate.h; sourceTree = "<group>"; };
		1819F1901A411BE900A2EEA5 /* AppDelegate.m */ = {isa = PBXFileReference; lastKnownFileType = sourcecode.c.objc; path = AppDelegate.m; sourceTree = "<group>"; };
		1819F1921A411BE900A2EEA5 /* ViewController.h */ = {isa = PBXFileReference; lastKnownFileType = sourcecode.c.h; path = ViewController.h; sourceTree = "<group>"; };
		1819F1931A411BE900A2EEA5 /* ViewController.m */ = {isa = PBXFileReference; lastKnownFileType = sourcecode.c.objc; path = ViewController.m; sourceTree = "<group>"; };
		1819F1961A411BE900A2EEA5 /* Base */ = {isa = PBXFileReference; lastKnownFileType = file.storyboard; name = Base; path = Base.lproj/Main.storyboard; sourceTree = "<group>"; };
		1819F1981A411BE900A2EEA5 /* Images.xcassets */ = {isa = PBXFileReference; lastKnownFileType = folder.assetcatalog; path = Images.xcassets; sourceTree = "<group>"; };
		1819F19B1A411BE900A2EEA5 /* Base */ = {isa = PBXFileReference; lastKnownFileType = file.xib; name = Base; path = Base.lproj/LaunchScreen.xib; sourceTree = "<group>"; };
		1819F1A11A411BE900A2EEA5 /* ZAFNetWorkDemoTests.xctest */ = {isa = PBXFileReference; explicitFileType = wrapper.cfbundle; includeInIndex = 0; path = ZAFNetWorkDemoTests.xctest; sourceTree = BUILT_PRODUCTS_DIR; };
		1819F1A61A411BEA00A2EEA5 /* Info.plist */ = {isa = PBXFileReference; lastKnownFileType = text.plist.xml; path = Info.plist; sourceTree = "<group>"; };
		1819F1A71A411BEA00A2EEA5 /* ZAFNetWorkDemoTests.m */ = {isa = PBXFileReference; lastKnownFileType = sourcecode.c.objc; path = ZAFNetWorkDemoTests.m; sourceTree = "<group>"; };
		1819F1B91A413CC400A2EEA5 /* Prefix.pch */ = {isa = PBXFileReference; lastKnownFileType = sourcecode.c.h; path = Prefix.pch; sourceTree = "<group>"; };
		2D36E1DDC357A895DCCF48B7 /* libPods.a */ = {isa = PBXFileReference; explicitFileType = archive.ar; includeInIndex = 0; path = libPods.a; sourceTree = BUILT_PRODUCTS_DIR; };
		BC8A8F8E1BFC682B00EBA9B7 /* ZDNetworkHelper.h */ = {isa = PBXFileReference; fileEncoding = 4; lastKnownFileType = sourcecode.c.h; path = ZDNetworkHelper.h; sourceTree = "<group>"; };
		BC8A8F8F1BFC682B00EBA9B7 /* ZDNetworkHelper.m */ = {isa = PBXFileReference; fileEncoding = 4; lastKnownFileType = sourcecode.c.objc; path = ZDNetworkHelper.m; sourceTree = "<group>"; };
		D51DB20E333A107C48E457FD /* Pods.debug.xcconfig */ = {isa = PBXFileReference; includeInIndex = 1; lastKnownFileType = text.xcconfig; name = Pods.debug.xcconfig; path = "Pods/Target Support Files/Pods/Pods.debug.xcconfig"; sourceTree = "<group>"; };
		F0C238172BAD9946C76DD5E2 /* Pods.release.xcconfig */ = {isa = PBXFileReference; includeInIndex = 1; lastKnownFileType = text.xcconfig; name = Pods.release.xcconfig; path = "Pods/Target Support Files/Pods/Pods.release.xcconfig"; sourceTree = "<group>"; };
/* End PBXFileReference section */

/* Begin PBXFrameworksBuildPhase section */
		1819F1851A411BE900A2EEA5 /* Frameworks */ = {
			isa = PBXFrameworksBuildPhase;
			buildActionMask = 2147483647;
			files = (
				8C58D1DE7153408A371D4D5D /* libPods.a in Frameworks */,
			);
			runOnlyForDeploymentPostprocessing = 0;
		};
		1819F19E1A411BE900A2EEA5 /* Frameworks */ = {
			isa = PBXFrameworksBuildPhase;
			buildActionMask = 2147483647;
			files = (
			);
			runOnlyForDeploymentPostprocessing = 0;
		};
/* End PBXFrameworksBuildPhase section */

/* Begin PBXGroup section */
		1819F17F1A411BE900A2EEA5 = {
			isa = PBXGroup;
			children = (
				BC8A8F8D1BFC682B00EBA9B7 /* ZDAFNetWorkHelper */,
				1819F18A1A411BE900A2EEA5 /* ZAFNetWorkDemo */,
				1819F1A41A411BEA00A2EEA5 /* ZAFNetWorkDemoTests */,
				1819F1891A411BE900A2EEA5 /* Products */,
				648E2EE94F5AF0943ACF26D0 /* Pods */,
				B3FDEA8942288761794F982C /* Frameworks */,
			);
			sourceTree = "<group>";
		};
		1819F1891A411BE900A2EEA5 /* Products */ = {
			isa = PBXGroup;
			children = (
				1819F1881A411BE900A2EEA5 /* ZAFNetWorkDemo.app */,
				1819F1A11A411BE900A2EEA5 /* ZAFNetWorkDemoTests.xctest */,
			);
			name = Products;
			sourceTree = "<group>";
		};
		1819F18A1A411BE900A2EEA5 /* ZAFNetWorkDemo */ = {
			isa = PBXGroup;
			children = (
				1819F18F1A411BE900A2EEA5 /* AppDelegate.h */,
				1819F1901A411BE900A2EEA5 /* AppDelegate.m */,
				1819F1921A411BE900A2EEA5 /* ViewController.h */,
				1819F1931A411BE900A2EEA5 /* ViewController.m */,
				1819F1951A411BE900A2EEA5 /* Main.storyboard */,
				1819F1981A411BE900A2EEA5 /* Images.xcassets */,
				1819F19A1A411BE900A2EEA5 /* LaunchScreen.xib */,
				1819F18B1A411BE900A2EEA5 /* Supporting Files */,
			);
			path = ZAFNetWorkDemo;
			sourceTree = "<group>";
		};
		1819F18B1A411BE900A2EEA5 /* Supporting Files */ = {
			isa = PBXGroup;
			children = (
				1819F18C1A411BE900A2EEA5 /* Info.plist */,
				1819F18D1A411BE900A2EEA5 /* main.m */,
				1819F1B91A413CC400A2EEA5 /* Prefix.pch */,
			);
			name = "Supporting Files";
			sourceTree = "<group>";
		};
		1819F1A41A411BEA00A2EEA5 /* ZAFNetWorkDemoTests */ = {
			isa = PBXGroup;
			children = (
				1819F1A71A411BEA00A2EEA5 /* ZAFNetWorkDemoTests.m */,
				1819F1A51A411BEA00A2EEA5 /* Supporting Files */,
			);
			path = ZAFNetWorkDemoTests;
			sourceTree = "<group>";
		};
		1819F1A51A411BEA00A2EEA5 /* Supporting Files */ = {
			isa = PBXGroup;
			children = (
				1819F1A61A411BEA00A2EEA5 /* Info.plist */,
			);
			name = "Supporting Files";
			sourceTree = "<group>";
		};
		648E2EE94F5AF0943ACF26D0 /* Pods */ = {
			isa = PBXGroup;
			children = (
				D51DB20E333A107C48E457FD /* Pods.debug.xcconfig */,
				F0C238172BAD9946C76DD5E2 /* Pods.release.xcconfig */,
			);
			name = Pods;
			sourceTree = "<group>";
		};
		B3FDEA8942288761794F982C /* Frameworks */ = {
			isa = PBXGroup;
			children = (
				2D36E1DDC357A895DCCF48B7 /* libPods.a */,
			);
			name = Frameworks;
			sourceTree = "<group>";
		};
		BC8A8F8D1BFC682B00EBA9B7 /* ZDAFNetWorkHelper */ = {
			isa = PBXGroup;
			children = (
				BC8A8F8E1BFC682B00EBA9B7 /* ZDNetworkHelper.h */,
				BC8A8F8F1BFC682B00EBA9B7 /* ZDNetworkHelper.m */,
			);
			path = ZDAFNetWorkHelper;
			sourceTree = "<group>";
		};
/* End PBXGroup section */

/* Begin PBXNativeTarget section */
		1819F1871A411BE900A2EEA5 /* ZAFNetWorkDemo */ = {
			isa = PBXNativeTarget;
			buildConfigurationList = 1819F1AB1A411BEA00A2EEA5 /* Build configuration list for PBXNativeTarget "ZAFNetWorkDemo" */;
			buildPhases = (
				D93BD9C7F5CCFD99B90ED3AD /* Check Pods Manifest.lock */,
				1819F1841A411BE900A2EEA5 /* Sources */,
				1819F1851A411BE900A2EEA5 /* Frameworks */,
				1819F1861A411BE900A2EEA5 /* Resources */,
				D39D2DC9B88765A1B6D41F1B /* Copy Pods Resources */,
			);
			buildRules = (
			);
			dependencies = (
			);
			name = ZAFNetWorkDemo;
			productName = ZAFNetWorkDemo;
			productReference = 1819F1881A411BE900A2EEA5 /* ZAFNetWorkDemo.app */;
			productType = "com.apple.product-type.application";
		};
		1819F1A01A411BE900A2EEA5 /* ZAFNetWorkDemoTests */ = {
			isa = PBXNativeTarget;
			buildConfigurationList = 1819F1AE1A411BEA00A2EEA5 /* Build configuration list for PBXNativeTarget "ZAFNetWorkDemoTests" */;
			buildPhases = (
				1819F19D1A411BE900A2EEA5 /* Sources */,
				1819F19E1A411BE900A2EEA5 /* Frameworks */,
				1819F19F1A411BE900A2EEA5 /* Resources */,
			);
			buildRules = (
			);
			dependencies = (
				1819F1A31A411BE900A2EEA5 /* PBXTargetDependency */,
			);
			name = ZAFNetWorkDemoTests;
			productName = ZAFNetWorkDemoTests;
			productReference = 1819F1A11A411BE900A2EEA5 /* ZAFNetWorkDemoTests.xctest */;
			productType = "com.apple.product-type.bundle.unit-test";
		};
/* End PBXNativeTarget section */

/* Begin PBXProject section */
		1819F1801A411BE900A2EEA5 /* Project object */ = {
			isa = PBXProject;
			attributes = {
				LastUpgradeCheck = 0710;
				ORGANIZATIONNAME = Saber;
				TargetAttributes = {
					1819F1871A411BE900A2EEA5 = {
						CreatedOnToolsVersion = 6.1.1;
						DevelopmentTeam = 9RX2YUH426;
					};
					1819F1A01A411BE900A2EEA5 = {
						CreatedOnToolsVersion = 6.1.1;
						TestTargetID = 1819F1871A411BE900A2EEA5;
					};
				};
			};
			buildConfigurationList = 1819F1831A411BE900A2EEA5 /* Build configuration list for PBXProject "ZAFNetWorkDemo" */;
			compatibilityVersion = "Xcode 3.2";
			developmentRegion = English;
			hasScannedForEncodings = 0;
			knownRegions = (
				en,
				Base,
			);
			mainGroup = 1819F17F1A411BE900A2EEA5;
			productRefGroup = 1819F1891A411BE900A2EEA5 /* Products */;
			projectDirPath = "";
			projectRoot = "";
			targets = (
				1819F1871A411BE900A2EEA5 /* ZAFNetWorkDemo */,
				1819F1A01A411BE900A2EEA5 /* ZAFNetWorkDemoTests */,
			);
		};
/* End PBXProject section */

/* Begin PBXResourcesBuildPhase section */
		1819F1861A411BE900A2EEA5 /* Resources */ = {
			isa = PBXResourcesBuildPhase;
			buildActionMask = 2147483647;
			files = (
				1819F1971A411BE900A2EEA5 /* Main.storyboard in Resources */,
				1819F19C1A411BE900A2EEA5 /* LaunchScreen.xib in Resources */,
				1819F1991A411BE900A2EEA5 /* Images.xcassets in Resources */,
			);
			runOnlyForDeploymentPostprocessing = 0;
		};
		1819F19F1A411BE900A2EEA5 /* Resources */ = {
			isa = PBXResourcesBuildPhase;
			buildActionMask = 2147483647;
			files = (
			);
			runOnlyForDeploymentPostprocessing = 0;
		};
/* End PBXResourcesBuildPhase section */

/* Begin PBXShellScriptBuildPhase section */
		D39D2DC9B88765A1B6D41F1B /* Copy Pods Resources */ = {
			isa = PBXShellScriptBuildPhase;
			buildActionMask = 2147483647;
			files = (
			);
			inputPaths = (
			);
			name = "Copy Pods Resources";
			outputPaths = (
			);
			runOnlyForDeploymentPostprocessing = 0;
			shellPath = /bin/sh;
			shellScript = "\"${SRCROOT}/Pods/Target Support Files/Pods/Pods-resources.sh\"\n";
			showEnvVarsInLog = 0;
		};
		D93BD9C7F5CCFD99B90ED3AD /* Check Pods Manifest.lock */ = {
			isa = PBXShellScriptBuildPhase;
			buildActionMask = 2147483647;
			files = (
			);
			inputPaths = (
			);
			name = "Check Pods Manifest.lock";
			outputPaths = (
			);
			runOnlyForDeploymentPostprocessing = 0;
			shellPath = /bin/sh;
			shellScript = "diff \"${PODS_ROOT}/../Podfile.lock\" \"${PODS_ROOT}/Manifest.lock\" > /dev/null\nif [[ $? != 0 ]] ; then\n    cat << EOM\nerror: The sandbox is not in sync with the Podfile.lock. Run 'pod install' or update your CocoaPods installation.\nEOM\n    exit 1\nfi\n";
			showEnvVarsInLog = 0;
		};
/* End PBXShellScriptBuildPhase section */

/* Begin PBXSourcesBuildPhase section */
		1819F1841A411BE900A2EEA5 /* Sources */ = {
			isa = PBXSourcesBuildPhase;
			buildActionMask = 2147483647;
			files = (
				BC8A8F901BFC682B00EBA9B7 /* ZDNetworkHelper.m in Sources */,
				1819F1941A411BE900A2EEA5 /* ViewController.m in Sources */,
				1819F1911A411BE900A2EEA5 /* AppDelegate.m in Sources */,
				1819F18E1A411BE900A2EEA5 /* main.m in Sources */,
			);
			runOnlyForDeploymentPostprocessing = 0;
		};
		1819F19D1A411BE900A2EEA5 /* Sources */ = {
			isa = PBXSourcesBuildPhase;
			buildActionMask = 2147483647;
			files = (
				1819F1A81A411BEA00A2EEA5 /* ZAFNetWorkDemoTests.m in Sources */,
			);
			runOnlyForDeploymentPostprocessing = 0;
		};
/* End PBXSourcesBuildPhase section */

/* Begin PBXTargetDependency section */
		1819F1A31A411BE900A2EEA5 /* PBXTargetDependency */ = {
			isa = PBXTargetDependency;
			target = 1819F1871A411BE900A2EEA5 /* ZAFNetWorkDemo */;
			targetProxy = 1819F1A21A411BE900A2EEA5 /* PBXContainerItemProxy */;
		};
/* End PBXTargetDependency section */

/* Begin PBXVariantGroup section */
		1819F1951A411BE900A2EEA5 /* Main.storyboard */ = {
			isa = PBXVariantGroup;
			children = (
				1819F1961A411BE900A2EEA5 /* Base */,
			);
			name = Main.storyboard;
			sourceTree = "<group>";
		};
		1819F19A1A411BE900A2EEA5 /* LaunchScreen.xib */ = {
			isa = PBXVariantGroup;
			children = (
				1819F19B1A411BE900A2EEA5 /* Base */,
			);
			name = LaunchScreen.xib;
			sourceTree = "<group>";
		};
/* End PBXVariantGroup section */

/* Begin XCBuildConfiguration section */
		1819F1A91A411BEA00A2EEA5 /* Debug */ = {
			isa = XCBuildConfiguration;
			buildSettings = {
				ALWAYS_SEARCH_USER_PATHS = NO;
				CLANG_CXX_LANGUAGE_STANDARD = "gnu++0x";
				CLANG_CXX_LIBRARY = "libc++";
				CLANG_ENABLE_MODULES = YES;
				CLANG_ENABLE_OBJC_ARC = YES;
				CLANG_WARN_BOOL_CONVERSION = YES;
				CLANG_WARN_CONSTANT_CONVERSION = YES;
				CLANG_WARN_DIRECT_OBJC_ISA_USAGE = YES_ERROR;
				CLANG_WARN_EMPTY_BODY = YES;
				CLANG_WARN_ENUM_CONVERSION = YES;
				CLANG_WARN_INT_CONVERSION = YES;
				CLANG_WARN_OBJC_ROOT_CLASS = YES_ERROR;
				CLANG_WARN_UNREACHABLE_CODE = YES;
				CLANG_WARN__DUPLICATE_METHOD_MATCH = YES;
				"CODE_SIGN_IDENTITY[sdk=iphoneos*]" = "iPhone Developer";
				COPY_PHASE_STRIP = NO;
				ENABLE_STRICT_OBJC_MSGSEND = YES;
				ENABLE_TESTABILITY = YES;
				GCC_C_LANGUAGE_STANDARD = gnu99;
				GCC_DYNAMIC_NO_PIC = NO;
				GCC_OPTIMIZATION_LEVEL = 0;
				GCC_PREPROCESSOR_DEFINITIONS = (
					"DEBUG=1",
					"$(inherited)",
				);
				GCC_SYMBOLS_PRIVATE_EXTERN = NO;
				GCC_WARN_64_TO_32_BIT_CONVERSION = YES;
				GCC_WARN_ABOUT_RETURN_TYPE = YES_ERROR;
				GCC_WARN_UNDECLARED_SELECTOR = YES;
				GCC_WARN_UNINITIALIZED_AUTOS = YES_AGGRESSIVE;
				GCC_WARN_UNUSED_FUNCTION = YES;
				GCC_WARN_UNUSED_VARIABLE = YES;
				IPHONEOS_DEPLOYMENT_TARGET = 7.0;
				MTL_ENABLE_DEBUG_INFO = YES;
				ONLY_ACTIVE_ARCH = YES;
				SDKROOT = iphoneos;
			};
			name = Debug;
		};
		1819F1AA1A411BEA00A2EEA5 /* Release */ = {
			isa = XCBuildConfiguration;
			buildSettings = {
				ALWAYS_SEARCH_USER_PATHS = NO;
				CLANG_CXX_LANGUAGE_STANDARD = "gnu++0x";
				CLANG_CXX_LIBRARY = "libc++";
				CLANG_ENABLE_MODULES = YES;
				CLANG_ENABLE_OBJC_ARC = YES;
				CLANG_WARN_BOOL_CONVERSION = YES;
				CLANG_WARN_CONSTANT_CONVERSION = YES;
				CLANG_WARN_DIRECT_OBJC_ISA_USAGE = YES_ERROR;
				CLANG_WARN_EMPTY_BODY = YES;
				CLANG_WARN_ENUM_CONVERSION = YES;
				CLANG_WARN_INT_CONVERSION = YES;
				CLANG_WARN_OBJC_ROOT_CLASS = YES_ERROR;
				CLANG_WARN_UNREACHABLE_CODE = YES;
				CLANG_WARN__DUPLICATE_METHOD_MATCH = YES;
				"CODE_SIGN_IDENTITY[sdk=iphoneos*]" = "iPhone Developer";
				COPY_PHASE_STRIP = YES;
				ENABLE_NS_ASSERTIONS = NO;
				ENABLE_STRICT_OBJC_MSGSEND = YES;
				GCC_C_LANGUAGE_STANDARD = gnu99;
				GCC_WARN_64_TO_32_BIT_CONVERSION = YES;
				GCC_WARN_ABOUT_RETURN_TYPE = YES_ERROR;
				GCC_WARN_UNDECLARED_SELECTOR = YES;
				GCC_WARN_UNINITIALIZED_AUTOS = YES_AGGRESSIVE;
				GCC_WARN_UNUSED_FUNCTION = YES;
				GCC_WARN_UNUSED_VARIABLE = YES;
				IPHONEOS_DEPLOYMENT_TARGET = 7.0;
				MTL_ENABLE_DEBUG_INFO = NO;
				SDKROOT = iphoneos;
				VALIDATE_PRODUCT = YES;
			};
			name = Release;
		};
		1819F1AC1A411BEA00A2EEA5 /* Debug */ = {
			isa = XCBuildConfiguration;
			baseConfigurationReference = D51DB20E333A107C48E457FD /* Pods.debug.xcconfig */;
			buildSettings = {
				ASSETCATALOG_COMPILER_APPICON_NAME = AppIcon;
				DEVELOPMENT_TEAM = 9RX2YUH426;
				GCC_PREFIX_HEADER = "$(SRCROOT)/ZAFNetWorkDemo/Prefix.pch";
				INFOPLIST_FILE = ZAFNetWorkDemo/Info.plist;
				IPHONEOS_DEPLOYMENT_TARGET = 7.0;
				LD_RUNPATH_SEARCH_PATHS = "$(inherited) @executable_path/Frameworks";
				PRODUCT_BUNDLE_IDENTIFIER = "Fate.D.Saber.$(PRODUCT_NAME:rfc1034identifier)";
				PRODUCT_NAME = "$(TARGET_NAME)";
			};
			name = Debug;
		};
		1819F1AD1A411BEA00A2EEA5 /* Release */ = {
			isa = XCBuildConfiguration;
			baseConfigurationReference = F0C238172BAD9946C76DD5E2 /* Pods.release.xcconfig */;
			buildSettings = {
				ASSETCATALOG_COMPILER_APPICON_NAME = AppIcon;
				DEVELOPMENT_TEAM = 9RX2YUH426;
				GCC_PREFIX_HEADER = "$(SRCROOT)/ZAFNetWorkDemo/Prefix.pch";
				INFOPLIST_FILE = ZAFNetWorkDemo/Info.plist;
				IPHONEOS_DEPLOYMENT_TARGET = 7.0;
				LD_RUNPATH_SEARCH_PATHS = "$(inherited) @executable_path/Frameworks";
				PRODUCT_BUNDLE_IDENTIFIER = "Fate.D.Saber.$(PRODUCT_NAME:rfc1034identifier)";
				PRODUCT_NAME = "$(TARGET_NAME)";
			};
			name = Release;
		};
		1819F1AF1A411BEA00A2EEA5 /* Debug */ = {
			isa = XCBuildConfiguration;
			buildSettings = {
				BUNDLE_LOADER = "$(TEST_HOST)";
				FRAMEWORK_SEARCH_PATHS = (
					"$(SDKROOT)/Developer/Library/Frameworks",
					"$(inherited)",
				);
				GCC_PREPROCESSOR_DEFINITIONS = (
					"DEBUG=1",
					"$(inherited)",
				);
				INFOPLIST_FILE = ZAFNetWorkDemoTests/Info.plist;
				LD_RUNPATH_SEARCH_PATHS = "$(inherited) @executable_path/Frameworks @loader_path/Frameworks";
				PRODUCT_BUNDLE_IDENTIFIER = "Fate.D.Saber.$(PRODUCT_NAME:rfc1034identifier)";
				PRODUCT_NAME = "$(TARGET_NAME)";
				TEST_HOST = "$(BUILT_PRODUCTS_DIR)/ZAFNetWorkDemo.app/ZAFNetWorkDemo";
			};
			name = Debug;
		};
		1819F1B01A411BEA00A2EEA5 /* Release */ = {
			isa = XCBuildConfiguration;
			buildSettings = {
				BUNDLE_LOADER = "$(TEST_HOST)";
				FRAMEWORK_SEARCH_PATHS = (
					"$(SDKROOT)/Developer/Library/Frameworks",
					"$(inherited)",
				);
				INFOPLIST_FILE = ZAFNetWorkDemoTests/Info.plist;
				LD_RUNPATH_SEARCH_PATHS = "$(inherited) @executable_path/Frameworks @loader_path/Frameworks";
				PRODUCT_BUNDLE_IDENTIFIER = "Fate.D.Saber.$(PRODUCT_NAME:rfc1034identifier)";
				PRODUCT_NAME = "$(TARGET_NAME)";
				TEST_HOST = "$(BUILT_PRODUCTS_DIR)/ZAFNetWorkDemo.app/ZAFNetWorkDemo";
			};
			name = Release;
		};
/* End XCBuildConfiguration section */

/* Begin XCConfigurationList section */
		1819F1831A411BE900A2EEA5 /* Build configuration list for PBXProject "ZAFNetWorkDemo" */ = {
			isa = XCConfigurationList;
			buildConfigurations = (
				1819F1A91A411BEA00A2EEA5 /* Debug */,
				1819F1AA1A411BEA00A2EEA5 /* Release */,
			);
			defaultConfigurationIsVisible = 0;
			defaultConfigurationName = Release;
		};
		1819F1AB1A411BEA00A2EEA5 /* Build configuration list for PBXNativeTarget "ZAFNetWorkDemo" */ = {
			isa = XCConfigurationList;
			buildConfigurations = (
				1819F1AC1A411BEA00A2EEA5 /* Debug */,
				1819F1AD1A411BEA00A2EEA5 /* Release */,
			);
			defaultConfigurationIsVisible = 0;
			defaultConfigurationName = Release;
		};
		1819F1AE1A411BEA00A2EEA5 /* Build configuration list for PBXNativeTarget "ZAFNetWorkDemoTests" */ = {
			isa = XCConfigurationList;
			buildConfigurations = (
				1819F1AF1A411BEA00A2EEA5 /* Debug */,
				1819F1B01A411BEA00A2EEA5 /* Release */,
			);
			defaultConfigurationIsVisible = 0;
			defaultConfigurationName = Release;
		};
/* End XCConfigurationList section */
	};
	rootObject = 1819F1801A411BE900A2EEA5 /* Project object */;
}
